
Microsoft Visual Studio Solution File, Format Version 12.00
# Visual Studio 15
VisualStudioVersion = 15.0.26403.0
MinimumVisualStudioVersion = 10.0.40219.1
Project("{FAE04EC0-301F-11D3-BF4B-00C04F79EFBC}") = "Simia", "Simia\Simia.csproj", "{46560BBB-41FB-4010-A89B-378FA5547837}"
EndProject
Project("{54435603-DBB4-11D2-8724-00A0C9A8B90C}") = "Simia", "Simia.Setup\Simia.Setup.vdproj", "{0701C647-1420-406B-839A-F7B754B97C3B}"
EndProject
Global
	GlobalSection(SolutionConfigurationPlatforms) = preSolution
		Debug|Any CPU = Debug|Any CPU
		Release|Any CPU = Release|Any CPU
	EndGlobalSection
	GlobalSection(ProjectConfigurationPlatforms) = postSolution
		{46560BBB-41FB-4010-A89B-378FA5547837}.Debug|Any CPU.ActiveCfg = Debug|Any CPU
		{46560BBB-41FB-4010-A89B-378FA5547837}.Debug|Any CPU.Build.0 = Debug|Any CPU
		{46560BBB-41FB-4010-A89B-378FA5547837}.Release|Any CPU.ActiveCfg = Release|Any CPU
		{46560BBB-41FB-4010-A89B-378FA5547837}.Release|Any CPU.Build.0 = Release|Any CPU
		{0701C647-1420-406B-839A-F7B754B97C3B}.Debug|Any CPU.ActiveCfg = Debug
		{0701C647-1420-406B-839A-F7B754B97C3B}.Release|Any CPU.ActiveCfg = Release
	EndGlobalSection
	GlobalSection(SolutionProperties) = preSolution
		HideSolutionNode = FALSE
	EndGlobalSection
	GlobalSection(ExtensibilityGlobals) = postSolution
		SolutionGuid = {8F609C1D-6B8A-406F-B345-76543D75A76F}
	EndGlobalSection
EndGlobal
